
Microsoft Visual Studio Solution File, Format Version 12.00
# Visual Studio Version 17
VisualStudioVersion = 17.11.35219.272
MinimumVisualStudioVersion = 10.0.40219.1
Project("{2150E333-8FDC-42A3-9474-1A3956D46DE8}") = "Chapter19", "Chapter19", "{261B7443-E30F-4243-9407-32E8C7DF4488}"
EndProject
Project("{8BC9CEB8-8B4A-11D0-8D11-00A0C91BC942}") = "Ex1900_ReferencesToPointers", "Ex1900_ReferencesToPointers\Ex1900_ReferencesToPointers.vcxproj", "{A3C9F0AE-8FA8-40D2-9ECB-4435BED48DBE}"
EndProject
Project("{8BC9CEB8-8B4A-11D0-8D11-00A0C91BC942}") = "Ex1901_Trie", "Ex1901_Trie\Ex1901_Trie.vcxproj", "{C0A0A54C-D5CF-4856-BE8F-31A71F547475}"
EndProject
Project("{8BC9CEB8-8B4A-11D0-8D11-00A0C91BC942}") = "Ex1902_NaiveStringMatching", "Ex1902_NaiveStringMatching\Ex1902_NaiveStringMatching.vcxproj", "{DF4CB5EE-060C-47FC-AA7F-177D2D5DFDE7}"
EndProject
Project("{8BC9CEB8-8B4A-11D0-8D11-00A0C91BC942}") = "Ex1904_SlidingWindow", "Ex1904_SlidingWindow\Ex1904_SlidingWindow.vcxproj", "{E5A20768-BF68-478D-B4AE-D4A4948AFD51}"
EndProject
Project("{8BC9CEB8-8B4A-11D0-8D11-00A0C91BC942}") = "Ex1905_RabinKarp", "Ex1905_RabinKarp\Ex1905_RabinKarp.vcxproj", "{A94BE635-089F-446B-8AAD-CCEDF375F00B}"
EndProject
Project("{8BC9CEB8-8B4A-11D0-8D11-00A0C91BC942}") = "Ex1907_StringMatchingAutomata", "Ex1907_StringMatchingAutomata\Ex1907_StringMatchingAutomata.vcxproj", "{A31B5815-A1A6-49F7-9A3F-DC1D764E0727}"
EndProject
Project("{8BC9CEB8-8B4A-11D0-8D11-00A0C91BC942}") = "Ex1908_TwoPointers", "Ex1908_TwoPointers\Ex1908_TwoPointers.vcxproj", "{4B23B3F8-111F-4181-A6E0-2DDA52D73ACC}"
EndProject
Project("{8BC9CEB8-8B4A-11D0-8D11-00A0C91BC942}") = "Ex1909_ExplicitBackup", "Ex1909_ExplicitBackup\Ex1909_ExplicitBackup.vcxproj", "{D1F3C384-3B3D-4ECA-B0E5-BA1AFF951D5F}"
EndProject
Project("{8BC9CEB8-8B4A-11D0-8D11-00A0C91BC942}") = "Ex1910_KMP", "Ex1910_KMP\Ex1910_KMP.vcxproj", "{0D6EBACD-307E-40B9-BF17-A1140344FF94}"
EndProject
Project("{8BC9CEB8-8B4A-11D0-8D11-00A0C91BC942}") = "Ex1906_SuffixArrays", "Ex1906_SuffixArrays\Ex1906_SuffixArrays.vcxproj", "{959A351C-B04F-4A4D-BF68-827FF21A952D}"
EndProject
Project("{8BC9CEB8-8B4A-11D0-8D11-00A0C91BC942}") = "Ex1903_BoyerMoore", "Ex1903_BoyerMoore\Ex1903_BoyerMoore.vcxproj", "{F686C2C1-B2A6-4A21-AE25-31A5D2016622}"
EndProject
Project("{2150E333-8FDC-42A3-9474-1A3956D46DE8}") = "Chapter20", "Chapter20", "{99FAED12-4097-4A26-9EB2-DE42B2457E24}"
EndProject
Project("{8BC9CEB8-8B4A-11D0-8D11-00A0C91BC942}") = "Ex2001_DynamicOrderStatistics", "Ex2001_DynamicOrderStatistics\Ex2001_DynamicOrderStatistics.vcxproj", "{76AC373B-692B-4CCA-8511-270DDE2F662F}"
EndProject
Project("{8BC9CEB8-8B4A-11D0-8D11-00A0C91BC942}") = "Ex2002_IntervalTrees", "Ex2002_IntervalTrees\Ex2002_IntervalTrees.vcxproj", "{FB42B6F9-3E3A-420B-8880-5F7D8671B1E1}"
EndProject
Project("{8BC9CEB8-8B4A-11D0-8D11-00A0C91BC942}") = "Ex2101_BTree", "Ex2101_BTree\Ex2101_BTree.vcxproj", "{9EFA8349-C9EE-4187-973B-5559E210D956}"
EndProject
Project("{2150E333-8FDC-42A3-9474-1A3956D46DE8}") = "Chapter21", "Chapter21", "{513A0935-E0FC-4F2E-BD5D-D85B08038098}"
EndProject
Project("{2150E333-8FDC-42A3-9474-1A3956D46DE8}") = "Chapter22", "Chapter22", "{DC1B4070-67A5-43C6-A9BB-E23E3FC2917B}"
EndProject
Project("{8BC9CEB8-8B4A-11D0-8D11-00A0C91BC942}") = "Ex2201_LeftOrRight", "Ex2201_LeftOrRight\Ex2201_LeftOrRight.vcxproj", "{5F8E5D6E-7E2F-4F5E-919B-D45D27667416}"
EndProject
Project("{8BC9CEB8-8B4A-11D0-8D11-00A0C91BC942}") = "Ex2202_SegmentsIntersect", "Ex2202_SegmentsIntersect\Ex2202_SegmentsIntersect.vcxproj", "{1B97B148-6C76-4C96-89DF-92E42E00C56E}"
EndProject
Project("{8BC9CEB8-8B4A-11D0-8D11-00A0C91BC942}") = "Ex2203_ConvexHull", "Ex2203_ConvexHull\Ex2203_ConvexHull.vcxproj", "{6D57433E-B526-4C9F-9550-2C3CF8D59D28}"
EndProject
Global
	GlobalSection(SolutionConfigurationPlatforms) = preSolution
		Debug|x64 = Debug|x64
		Debug|x86 = Debug|x86
		Release|x64 = Release|x64
		Release|x86 = Release|x86
	EndGlobalSection
	GlobalSection(ProjectConfigurationPlatforms) = postSolution
		{A3C9F0AE-8FA8-40D2-9ECB-4435BED48DBE}.Debug|x64.ActiveCfg = Debug|x64
		{A3C9F0AE-8FA8-40D2-9ECB-4435BED48DBE}.Debug|x64.Build.0 = Debug|x64
		{A3C9F0AE-8FA8-40D2-9ECB-4435BED48DBE}.Debug|x86.ActiveCfg = Debug|Win32
		{A3C9F0AE-8FA8-40D2-9ECB-4435BED48DBE}.Debug|x86.Build.0 = Debug|Win32
		{A3C9F0AE-8FA8-40D2-9ECB-4435BED48DBE}.Release|x64.ActiveCfg = Release|x64
		{A3C9F0AE-8FA8-40D2-9ECB-4435BED48DBE}.Release|x64.Build.0 = Release|x64
		{A3C9F0AE-8FA8-40D2-9ECB-4435BED48DBE}.Release|x86.ActiveCfg = Release|Win32
		{A3C9F0AE-8FA8-40D2-9ECB-4435BED48DBE}.Release|x86.Build.0 = Release|Win32
		{C0A0A54C-D5CF-4856-BE8F-31A71F547475}.Debug|x64.ActiveCfg = Debug|x64
		{C0A0A54C-D5CF-4856-BE8F-31A71F547475}.Debug|x64.Build.0 = Debug|x64
		{C0A0A54C-D5CF-4856-BE8F-31A71F547475}.Debug|x86.ActiveCfg = Debug|Win32
		{C0A0A54C-D5CF-4856-BE8F-31A71F547475}.Debug|x86.Build.0 = Debug|Win32
		{C0A0A54C-D5CF-4856-BE8F-31A71F547475}.Release|x64.ActiveCfg = Release|x64
		{C0A0A54C-D5CF-4856-BE8F-31A71F547475}.Release|x64.Build.0 = Release|x64
		{C0A0A54C-D5CF-4856-BE8F-31A71F547475}.Release|x86.ActiveCfg = Release|Win32
		{C0A0A54C-D5CF-4856-BE8F-31A71F547475}.Release|x86.Build.0 = Release|Win32
		{DF4CB5EE-060C-47FC-AA7F-177D2D5DFDE7}.Debug|x64.ActiveCfg = Debug|x64
		{DF4CB5EE-060C-47FC-AA7F-177D2D5DFDE7}.Debug|x64.Build.0 = Debug|x64
		{DF4CB5EE-060C-47FC-AA7F-177D2D5DFDE7}.Debug|x86.ActiveCfg = Debug|Win32
		{DF4CB5EE-060C-47FC-AA7F-177D2D5DFDE7}.Debug|x86.Build.0 = Debug|Win32
		{DF4CB5EE-060C-47FC-AA7F-177D2D5DFDE7}.Release|x64.ActiveCfg = Release|x64
		{DF4CB5EE-060C-47FC-AA7F-177D2D5DFDE7}.Release|x64.Build.0 = Release|x64
		{DF4CB5EE-060C-47FC-AA7F-177D2D5DFDE7}.Release|x86.ActiveCfg = Release|Win32
		{DF4CB5EE-060C-47FC-AA7F-177D2D5DFDE7}.Release|x86.Build.0 = Release|Win32
		{E5A20768-BF68-478D-B4AE-D4A4948AFD51}.Debug|x64.ActiveCfg = Debug|x64
		{E5A20768-BF68-478D-B4AE-D4A4948AFD51}.Debug|x64.Build.0 = Debug|x64
		{E5A20768-BF68-478D-B4AE-D4A4948AFD51}.Debug|x86.ActiveCfg = Debug|Win32
		{E5A20768-BF68-478D-B4AE-D4A4948AFD51}.Debug|x86.Build.0 = Debug|Win32
		{E5A20768-BF68-478D-B4AE-D4A4948AFD51}.Release|x64.ActiveCfg = Release|x64
		{E5A20768-BF68-478D-B4AE-D4A4948AFD51}.Release|x64.Build.0 = Release|x64
		{E5A20768-BF68-478D-B4AE-D4A4948AFD51}.Release|x86.ActiveCfg = Release|Win32
		{E5A20768-BF68-478D-B4AE-D4A4948AFD51}.Release|x86.Build.0 = Release|Win32
		{A94BE635-089F-446B-8AAD-CCEDF375F00B}.Debug|x64.ActiveCfg = Debug|x64
		{A94BE635-089F-446B-8AAD-CCEDF375F00B}.Debug|x64.Build.0 = Debug|x64
		{A94BE635-089F-446B-8AAD-CCEDF375F00B}.Debug|x86.ActiveCfg = Debug|Win32
		{A94BE635-089F-446B-8AAD-CCEDF375F00B}.Debug|x86.Build.0 = Debug|Win32
		{A94BE635-089F-446B-8AAD-CCEDF375F00B}.Release|x64.ActiveCfg = Release|x64
		{A94BE635-089F-446B-8AAD-CCEDF375F00B}.Release|x64.Build.0 = Release|x64
		{A94BE635-089F-446B-8AAD-CCEDF375F00B}.Release|x86.ActiveCfg = Release|Win32
		{A94BE635-089F-446B-8AAD-CCEDF375F00B}.Release|x86.Build.0 = Release|Win32
		{A31B5815-A1A6-49F7-9A3F-DC1D764E0727}.Debug|x64.ActiveCfg = Debug|x64
		{A31B5815-A1A6-49F7-9A3F-DC1D764E0727}.Debug|x64.Build.0 = Debug|x64
		{A31B5815-A1A6-49F7-9A3F-DC1D764E0727}.Debug|x86.ActiveCfg = Debug|Win32
		{A31B5815-A1A6-49F7-9A3F-DC1D764E0727}.Debug|x86.Build.0 = Debug|Win32
		{A31B5815-A1A6-49F7-9A3F-DC1D764E0727}.Release|x64.ActiveCfg = Release|x64
		{A31B5815-A1A6-49F7-9A3F-DC1D764E0727}.Release|x64.Build.0 = Release|x64
		{A31B5815-A1A6-49F7-9A3F-DC1D764E0727}.Release|x86.ActiveCfg = Release|Win32
		{A31B5815-A1A6-49F7-9A3F-DC1D764E0727}.Release|x86.Build.0 = Release|Win32
		{4B23B3F8-111F-4181-A6E0-2DDA52D73ACC}.Debug|x64.ActiveCfg = Debug|x64
		{4B23B3F8-111F-4181-A6E0-2DDA52D73ACC}.Debug|x64.Build.0 = Debug|x64
		{4B23B3F8-111F-4181-A6E0-2DDA52D73ACC}.Debug|x86.ActiveCfg = Debug|Win32
		{4B23B3F8-111F-4181-A6E0-2DDA52D73ACC}.Debug|x86.Build.0 = Debug|Win32
		{4B23B3F8-111F-4181-A6E0-2DDA52D73ACC}.Release|x64.ActiveCfg = Release|x64
		{4B23B3F8-111F-4181-A6E0-2DDA52D73ACC}.Release|x64.Build.0 = Release|x64
		{4B23B3F8-111F-4181-A6E0-2DDA52D73ACC}.Release|x86.ActiveCfg = Release|Win32
		{4B23B3F8-111F-4181-A6E0-2DDA52D73ACC}.Release|x86.Build.0 = Release|Win32
		{D1F3C384-3B3D-4ECA-B0E5-BA1AFF951D5F}.Debug|x64.ActiveCfg = Debug|x64
		{D1F3C384-3B3D-4ECA-B0E5-BA1AFF951D5F}.Debug|x64.Build.0 = Debug|x64
		{D1F3C384-3B3D-4ECA-B0E5-BA1AFF951D5F}.Debug|x86.ActiveCfg = Debug|Win32
		{D1F3C384-3B3D-4ECA-B0E5-BA1AFF951D5F}.Debug|x86.Build.0 = Debug|Win32
		{D1F3C384-3B3D-4ECA-B0E5-BA1AFF951D5F}.Release|x64.ActiveCfg = Release|x64
		{D1F3C384-3B3D-4ECA-B0E5-BA1AFF951D5F}.Release|x64.Build.0 = Release|x64
		{D1F3C384-3B3D-4ECA-B0E5-BA1AFF951D5F}.Release|x86.ActiveCfg = Release|Win32
		{D1F3C384-3B3D-4ECA-B0E5-BA1AFF951D5F}.Release|x86.Build.0 = Release|Win32
		{0D6EBACD-307E-40B9-BF17-A1140344FF94}.Debug|x64.ActiveCfg = Debug|x64
		{0D6EBACD-307E-40B9-BF17-A1140344FF94}.Debug|x64.Build.0 = Debug|x64
		{0D6EBACD-307E-40B9-BF17-A1140344FF94}.Debug|x86.ActiveCfg = Debug|Win32
		{0D6EBACD-307E-40B9-BF17-A1140344FF94}.Debug|x86.Build.0 = Debug|Win32
		{0D6EBACD-307E-40B9-BF17-A1140344FF94}.Release|x64.ActiveCfg = Release|x64
		{0D6EBACD-307E-40B9-BF17-A1140344FF94}.Release|x64.Build.0 = Release|x64
		{0D6EBACD-307E-40B9-BF17-A1140344FF94}.Release|x86.ActiveCfg = Release|Win32
		{0D6EBACD-307E-40B9-BF17-A1140344FF94}.Release|x86.Build.0 = Release|Win32
		{959A351C-B04F-4A4D-BF68-827FF21A952D}.Debug|x64.ActiveCfg = Debug|x64
		{959A351C-B04F-4A4D-BF68-827FF21A952D}.Debug|x64.Build.0 = Debug|x64
		{959A351C-B04F-4A4D-BF68-827FF21A952D}.Debug|x86.ActiveCfg = Debug|Win32
		{959A351C-B04F-4A4D-BF68-827FF21A952D}.Debug|x86.Build.0 = Debug|Win32
		{959A351C-B04F-4A4D-BF68-827FF21A952D}.Release|x64.ActiveCfg = Release|x64
		{959A351C-B04F-4A4D-BF68-827FF21A952D}.Release|x64.Build.0 = Release|x64
		{959A351C-B04F-4A4D-BF68-827FF21A952D}.Release|x86.ActiveCfg = Release|Win32
		{959A351C-B04F-4A4D-BF68-827FF21A952D}.Release|x86.Build.0 = Release|Win32
		{F686C2C1-B2A6-4A21-AE25-31A5D2016622}.Debug|x64.ActiveCfg = Debug|x64
		{F686C2C1-B2A6-4A21-AE25-31A5D2016622}.Debug|x64.Build.0 = Debug|x64
		{F686C2C1-B2A6-4A21-AE25-31A5D2016622}.Debug|x86.ActiveCfg = Debug|Win32
		{F686C2C1-B2A6-4A21-AE25-31A5D2016622}.Debug|x86.Build.0 = Debug|Win32
		{F686C2C1-B2A6-4A21-AE25-31A5D2016622}.Release|x64.ActiveCfg = Release|x64
		{F686C2C1-B2A6-4A21-AE25-31A5D2016622}.Release|x64.Build.0 = Release|x64
		{F686C2C1-B2A6-4A21-AE25-31A5D2016622}.Release|x86.ActiveCfg = Release|Win32
		{F686C2C1-B2A6-4A21-AE25-31A5D2016622}.Release|x86.Build.0 = Release|Win32
		{76AC373B-692B-4CCA-8511-270DDE2F662F}.Debug|x64.ActiveCfg = Debug|x64
		{76AC373B-692B-4CCA-8511-270DDE2F662F}.Debug|x64.Build.0 = Debug|x64
		{76AC373B-692B-4CCA-8511-270DDE2F662F}.Debug|x86.ActiveCfg = Debug|Win32
		{76AC373B-692B-4CCA-8511-270DDE2F662F}.Debug|x86.Build.0 = Debug|Win32
		{76AC373B-692B-4CCA-8511-270DDE2F662F}.Release|x64.ActiveCfg = Release|x64
		{76AC373B-692B-4CCA-8511-270DDE2F662F}.Release|x64.Build.0 = Release|x64
		{76AC373B-692B-4CCA-8511-270DDE2F662F}.Release|x86.ActiveCfg = Release|Win32
		{76AC373B-692B-4CCA-8511-270DDE2F662F}.Release|x86.Build.0 = Release|Win32
		{FB42B6F9-3E3A-420B-8880-5F7D8671B1E1}.Debug|x64.ActiveCfg = Debug|x64
		{FB42B6F9-3E3A-420B-8880-5F7D8671B1E1}.Debug|x64.Build.0 = Debug|x64
		{FB42B6F9-3E3A-420B-8880-5F7D8671B1E1}.Debug|x86.ActiveCfg = Debug|Win32
		{FB42B6F9-3E3A-420B-8880-5F7D8671B1E1}.Debug|x86.Build.0 = Debug|Win32
		{FB42B6F9-3E3A-420B-8880-5F7D8671B1E1}.Release|x64.ActiveCfg = Release|x64
		{FB42B6F9-3E3A-420B-8880-5F7D8671B1E1}.Release|x64.Build.0 = Release|x64
		{FB42B6F9-3E3A-420B-8880-5F7D8671B1E1}.Release|x86.ActiveCfg = Release|Win32
		{FB42B6F9-3E3A-420B-8880-5F7D8671B1E1}.Release|x86.Build.0 = Release|Win32
		{9EFA8349-C9EE-4187-973B-5559E210D956}.Debug|x64.ActiveCfg = Debug|x64
		{9EFA8349-C9EE-4187-973B-5559E210D956}.Debug|x64.Build.0 = Debug|x64
		{9EFA8349-C9EE-4187-973B-5559E210D956}.Debug|x86.ActiveCfg = Debug|Win32
		{9EFA8349-C9EE-4187-973B-5559E210D956}.Debug|x86.Build.0 = Debug|Win32
		{9EFA8349-C9EE-4187-973B-5559E210D956}.Release|x64.ActiveCfg = Release|x64
		{9EFA8349-C9EE-4187-973B-5559E210D956}.Release|x64.Build.0 = Release|x64
		{9EFA8349-C9EE-4187-973B-5559E210D956}.Release|x86.ActiveCfg = Release|Win32
		{9EFA8349-C9EE-4187-973B-5559E210D956}.Release|x86.Build.0 = Release|Win32
		{5F8E5D6E-7E2F-4F5E-919B-D45D27667416}.Debug|x64.ActiveCfg = Debug|x64
		{5F8E5D6E-7E2F-4F5E-919B-D45D27667416}.Debug|x64.Build.0 = Debug|x64
		{5F8E5D6E-7E2F-4F5E-919B-D45D27667416}.Debug|x86.ActiveCfg = Debug|Win32
		{5F8E5D6E-7E2F-4F5E-919B-D45D27667416}.Debug|x86.Build.0 = Debug|Win32
		{5F8E5D6E-7E2F-4F5E-919B-D45D27667416}.Release|x64.ActiveCfg = Release|x64
		{5F8E5D6E-7E2F-4F5E-919B-D45D27667416}.Release|x64.Build.0 = Release|x64
		{5F8E5D6E-7E2F-4F5E-919B-D45D27667416}.Release|x86.ActiveCfg = Release|Win32
		{5F8E5D6E-7E2F-4F5E-919B-D45D27667416}.Release|x86.Build.0 = Release|Win32
		{1B97B148-6C76-4C96-89DF-92E42E00C56E}.Debug|x64.ActiveCfg = Debug|x64
		{1B97B148-6C76-4C96-89DF-92E42E00C56E}.Debug|x64.Build.0 = Debug|x64
		{1B97B148-6C76-4C96-89DF-92E42E00C56E}.Debug|x86.ActiveCfg = Debug|Win32
		{1B97B148-6C76-4C96-89DF-92E42E00C56E}.Debug|x86.Build.0 = Debug|Win32
		{1B97B148-6C76-4C96-89DF-92E42E00C56E}.Release|x64.ActiveCfg = Release|x64
		{1B97B148-6C76-4C96-89DF-92E42E00C56E}.Release|x64.Build.0 = Release|x64
		{1B97B148-6C76-4C96-89DF-92E42E00C56E}.Release|x86.ActiveCfg = Release|Win32
		{1B97B148-6C76-4C96-89DF-92E42E00C56E}.Release|x86.Build.0 = Release|Win32
		{6D57433E-B526-4C9F-9550-2C3CF8D59D28}.Debug|x64.ActiveCfg = Debug|x64
		{6D57433E-B526-4C9F-9550-2C3CF8D59D28}.Debug|x64.Build.0 = Debug|x64
		{6D57433E-B526-4C9F-9550-2C3CF8D59D28}.Debug|x86.ActiveCfg = Debug|Win32
		{6D57433E-B526-4C9F-9550-2C3CF8D59D28}.Debug|x86.Build.0 = Debug|Win32
		{6D57433E-B526-4C9F-9550-2C3CF8D59D28}.Release|x64.ActiveCfg = Release|x64
		{6D57433E-B526-4C9F-9550-2C3CF8D59D28}.Release|x64.Build.0 = Release|x64
		{6D57433E-B526-4C9F-9550-2C3CF8D59D28}.Release|x86.ActiveCfg = Release|Win32
		{6D57433E-B526-4C9F-9550-2C3CF8D59D28}.Release|x86.Build.0 = Release|Win32
	EndGlobalSection
	GlobalSection(SolutionProperties) = preSolution
		HideSolutionNode = FALSE
	EndGlobalSection
	GlobalSection(NestedProjects) = preSolution
		{A3C9F0AE-8FA8-40D2-9ECB-4435BED48DBE} = {261B7443-E30F-4243-9407-32E8C7DF4488}
		{C0A0A54C-D5CF-4856-BE8F-31A71F547475} = {261B7443-E30F-4243-9407-32E8C7DF4488}
		{DF4CB5EE-060C-47FC-AA7F-177D2D5DFDE7} = {261B7443-E30F-4243-9407-32E8C7DF4488}
		{E5A20768-BF68-478D-B4AE-D4A4948AFD51} = {261B7443-E30F-4243-9407-32E8C7DF4488}
		{A94BE635-089F-446B-8AAD-CCEDF375F00B} = {261B7443-E30F-4243-9407-32E8C7DF4488}
		{A31B5815-A1A6-49F7-9A3F-DC1D764E0727} = {261B7443-E30F-4243-9407-32E8C7DF4488}
		{4B23B3F8-111F-4181-A6E0-2DDA52D73ACC} = {261B7443-E30F-4243-9407-32E8C7DF4488}
		{D1F3C384-3B3D-4ECA-B0E5-BA1AFF951D5F} = {261B7443-E30F-4243-9407-32E8C7DF4488}
		{0D6EBACD-307E-40B9-BF17-A1140344FF94} = {261B7443-E30F-4243-9407-32E8C7DF4488}
		{959A351C-B04F-4A4D-BF68-827FF21A952D} = {261B7443-E30F-4243-9407-32E8C7DF4488}
		{F686C2C1-B2A6-4A21-AE25-31A5D2016622} = {261B7443-E30F-4243-9407-32E8C7DF4488}
		{76AC373B-692B-4CCA-8511-270DDE2F662F} = {99FAED12-4097-4A26-9EB2-DE42B2457E24}
		{FB42B6F9-3E3A-420B-8880-5F7D8671B1E1} = {99FAED12-4097-4A26-9EB2-DE42B2457E24}
		{9EFA8349-C9EE-4187-973B-5559E210D956} = {513A0935-E0FC-4F2E-BD5D-D85B08038098}
		{5F8E5D6E-7E2F-4F5E-919B-D45D27667416} = {DC1B4070-67A5-43C6-A9BB-E23E3FC2917B}
		{1B97B148-6C76-4C96-89DF-92E42E00C56E} = {DC1B4070-67A5-43C6-A9BB-E23E3FC2917B}
		{6D57433E-B526-4C9F-9550-2C3CF8D59D28} = {DC1B4070-67A5-43C6-A9BB-E23E3FC2917B}
	EndGlobalSection
	GlobalSection(ExtensibilityGlobals) = postSolution
		SolutionGuid = {F6583679-0974-4A64-A552-A4DADB6FAA59}
	EndGlobalSection
EndGlobal
